
Microsoft Visual Studio Solution File, Format Version 12.00
# Visual Studio 15
VisualStudioVersion = 15.0.27004.2009
MinimumVisualStudioVersion = 10.0.40219.1
Project("{FAE04EC0-301F-11D3-BF4B-00C04F79EFBC}") = "SQLiteSample.Android", "SQLiteSample\SQLiteSample.Android\SQLiteSample.Android.csproj", "{2FC6E1DB-61C5-46F5-85FB-06EF5591B06B}"
EndProject
Project("{FAE04EC0-301F-11D3-BF4B-00C04F79EFBC}") = "SQLiteSample", "SQLiteSample\SQLiteSample\SQLiteSample.csproj", "{F599C653-EE36-4479-9B7E-E577C194501C}"
EndProject
Project("{FAE04EC0-301F-11D3-BF4B-00C04F79EFBC}") = "SQLiteSample.iOS", "SQLiteSample\SQLiteSample.iOS\SQLiteSample.iOS.csproj", "{74FB05A8-FA3F-4094-BF32-1680D7C438CE}"
EndProject
Global
	GlobalSection(SolutionConfigurationPlatforms) = preSolution
		Ad-Hoc|Any CPU = Ad-Hoc|Any CPU
		Ad-Hoc|iPhone = Ad-Hoc|iPhone
		Ad-Hoc|iPhoneSimulator = Ad-Hoc|iPhoneSimulator
		AppStore|Any CPU = AppStore|Any CPU
		AppStore|iPhone = AppStore|iPhone
		AppStore|iPhoneSimulator = AppStore|iPhoneSimulator
		Debug|Any CPU = Debug|Any CPU
		Debug|iPhone = Debug|iPhone
		Debug|iPhoneSimulator = Debug|iPhoneSimulator
		Release|Any CPU = Release|Any CPU
		Release|iPhone = Release|iPhone
		Release|iPhoneSimulator = Release|iPhoneSimulator
	EndGlobalSection
	GlobalSection(ProjectConfigurationPlatforms) = postSolution
		{2FC6E1DB-61C5-46F5-85FB-06EF5591B06B}.Ad-Hoc|Any CPU.ActiveCfg = Release|Any CPU
		{2FC6E1DB-61C5-46F5-85FB-06EF5591B06B}.Ad-Hoc|Any CPU.Build.0 = Release|Any CPU
		{2FC6E1DB-61C5-46F5-85FB-06EF5591B06B}.Ad-Hoc|Any CPU.Deploy.0 = Release|Any CPU
		{2FC6E1DB-61C5-46F5-85FB-06EF5591B06B}.Ad-Hoc|iPhone.ActiveCfg = Release|Any CPU
		{2FC6E1DB-61C5-46F5-85FB-06EF5591B06B}.Ad-Hoc|iPhone.Build.0 = Release|Any CPU
		{2FC6E1DB-61C5-46F5-85FB-06EF5591B06B}.Ad-Hoc|iPhone.Deploy.0 = Release|Any CPU
		{2FC6E1DB-61C5-46F5-85FB-06EF5591B06B}.Ad-Hoc|iPhoneSimulator.ActiveCfg = Release|Any CPU
		{2FC6E1DB-61C5-46F5-85FB-06EF5591B06B}.Ad-Hoc|iPhoneSimulator.Build.0 = Release|Any CPU
		{2FC6E1DB-61C5-46F5-85FB-06EF5591B06B}.Ad-Hoc|iPhoneSimulator.Deploy.0 = Release|Any CPU
		{2FC6E1DB-61C5-46F5-85FB-06EF5591B06B}.AppStore|Any CPU.ActiveCfg = Release|Any CPU
		{2FC6E1DB-61C5-46F5-85FB-06EF5591B06B}.AppStore|Any CPU.Build.0 = Release|Any CPU
		{2FC6E1DB-61C5-46F5-85FB-06EF5591B06B}.AppStore|Any CPU.Deploy.0 = Release|Any CPU
		{2FC6E1DB-61C5-46F5-85FB-06EF5591B06B}.AppStore|iPhone.ActiveCfg = Release|Any CPU
		{2FC6E1DB-61C5-46F5-85FB-06EF5591B06B}.AppStore|iPhone.Build.0 = Release|Any CPU
		{2FC6E1DB-61C5-46F5-85FB-06EF5591B06B}.AppStore|iPhone.Deploy.0 = Release|Any CPU
		{2FC6E1DB-61C5-46F5-85FB-06EF5591B06B}.AppStore|iPhoneSimulator.ActiveCfg = Release|Any CPU
		{2FC6E1DB-61C5-46F5-85FB-06EF5591B06B}.AppStore|iPhoneSimulator.Build.0 = Release|Any CPU
		{2FC6E1DB-61C5-46F5-85FB-06EF5591B06B}.AppStore|iPhoneSimulator.Deploy.0 = Release|Any CPU
		{2FC6E1DB-61C5-46F5-85FB-06EF5591B06B}.Debug|Any CPU.ActiveCfg = Debug|Any CPU
		{2FC6E1DB-61C5-46F5-85FB-06EF5591B06B}.Debug|Any CPU.Build.0 = Debug|Any CPU
		{2FC6E1DB-61C5-46F5-85FB-06EF5591B06B}.Debug|Any CPU.Deploy.0 = Debug|Any CPU
		{2FC6E1DB-61C5-46F5-85FB-06EF5591B06B}.Debug|iPhone.ActiveCfg = Debug|Any CPU
		{2FC6E1DB-61C5-46F5-85FB-06EF5591B06B}.Debug|iPhone.Build.0 = Debug|Any CPU
		{2FC6E1DB-61C5-46F5-85FB-06EF5591B06B}.Debug|iPhone.Deploy.0 = Debug|Any CPU
		{2FC6E1DB-61C5-46F5-85FB-06EF5591B06B}.Debug|iPhoneSimulator.ActiveCfg = Debug|Any CPU
		{2FC6E1DB-61C5-46F5-85FB-06EF5591B06B}.Debug|iPhoneSimulator.Build.0 = Debug|Any CPU
		{2FC6E1DB-61C5-46F5-85FB-06EF5591B06B}.Debug|iPhoneSimulator.Deploy.0 = Debug|Any CPU
		{2FC6E1DB-61C5-46F5-85FB-06EF5591B06B}.Release|Any CPU.ActiveCfg = Release|Any CPU
		{2FC6E1DB-61C5-46F5-85FB-06EF5591B06B}.Release|Any CPU.Build.0 = Release|Any CPU
		{2FC6E1DB-61C5-46F5-85FB-06EF5591B06B}.Release|Any CPU.Deploy.0 = Release|Any CPU
		{2FC6E1DB-61C5-46F5-85FB-06EF5591B06B}.Release|iPhone.ActiveCfg = Release|Any CPU
		{2FC6E1DB-61C5-46F5-85FB-06EF5591B06B}.Release|iPhone.Build.0 = Release|Any CPU
		{2FC6E1DB-61C5-46F5-85FB-06EF5591B06B}.Release|iPhone.Deploy.0 = Release|Any CPU
		{2FC6E1DB-61C5-46F5-85FB-06EF5591B06B}.Release|iPhoneSimulator.ActiveCfg = Release|Any CPU
		{2FC6E1DB-61C5-46F5-85FB-06EF5591B06B}.Release|iPhoneSimulator.Build.0 = Release|Any CPU
		{2FC6E1DB-61C5-46F5-85FB-06EF5591B06B}.Release|iPhoneSimulator.Deploy.0 = Release|Any CPU
		{F599C653-EE36-4479-9B7E-E577C194501C}.Ad-Hoc|Any CPU.ActiveCfg = Release|Any CPU
		{F599C653-EE36-4479-9B7E-E577C194501C}.Ad-Hoc|Any CPU.Build.0 = Release|Any CPU
		{F599C653-EE36-4479-9B7E-E577C194501C}.Ad-Hoc|iPhone.ActiveCfg = Release|Any CPU
		{F599C653-EE36-4479-9B7E-E577C194501C}.Ad-Hoc|iPhone.Build.0 = Release|Any CPU
		{F599C653-EE36-4479-9B7E-E577C194501C}.Ad-Hoc|iPhoneSimulator.ActiveCfg = Release|Any CPU
		{F599C653-EE36-4479-9B7E-E577C194501C}.Ad-Hoc|iPhoneSimulator.Build.0 = Release|Any CPU
		{F599C653-EE36-4479-9B7E-E577C194501C}.AppStore|Any CPU.ActiveCfg = Release|Any CPU
		{F599C653-EE36-4479-9B7E-E577C194501C}.AppStore|Any CPU.Build.0 = Release|Any CPU
		{F599C653-EE36-4479-9B7E-E577C194501C}.AppStore|iPhone.ActiveCfg = Release|Any CPU
		{F599C653-EE36-4479-9B7E-E577C194501C}.AppStore|iPhone.Build.0 = Release|Any CPU
		{F599C653-EE36-4479-9B7E-E577C194501C}.AppStore|iPhoneSimulator.ActiveCfg = Release|Any CPU
		{F599C653-EE36-4479-9B7E-E577C194501C}.AppStore|iPhoneSimulator.Build.0 = Release|Any CPU
		{F599C653-EE36-4479-9B7E-E577C194501C}.Debug|Any CPU.ActiveCfg = Debug|Any CPU
		{F599C653-EE36-4479-9B7E-E577C194501C}.Debug|Any CPU.Build.0 = Debug|Any CPU
		{F599C653-EE36-4479-9B7E-E577C194501C}.Debug|iPhone.ActiveCfg = Debug|Any CPU
		{F599C653-EE36-4479-9B7E-E577C194501C}.Debug|iPhone.Build.0 = Debug|Any CPU
		{F599C653-EE36-4479-9B7E-E577C194501C}.Debug|iPhoneSimulator.ActiveCfg = Debug|Any CPU
		{F599C653-EE36-4479-9B7E-E577C194501C}.Debug|iPhoneSimulator.Build.0 = Debug|Any CPU
		{F599C653-EE36-4479-9B7E-E577C194501C}.Release|Any CPU.ActiveCfg = Release|Any CPU
		{F599C653-EE36-4479-9B7E-E577C194501C}.Release|Any CPU.Build.0 = Release|Any CPU
		{F599C653-EE36-4479-9B7E-E577C194501C}.Release|iPhone.ActiveCfg = Release|Any CPU
		{F599C653-EE36-4479-9B7E-E577C194501C}.Release|iPhone.Build.0 = Release|Any CPU
		{F599C653-EE36-4479-9B7E-E577C194501C}.Release|iPhoneSimulator.ActiveCfg = Release|Any CPU
		{F599C653-EE36-4479-9B7E-E577C194501C}.Release|iPhoneSimulator.Build.0 = Release|Any CPU
		{74FB05A8-FA3F-4094-BF32-1680D7C438CE}.Ad-Hoc|Any CPU.ActiveCfg = Ad-Hoc|iPhoneSimulator
		{74FB05A8-FA3F-4094-BF32-1680D7C438CE}.Ad-Hoc|iPhone.ActiveCfg = Ad-Hoc|iPhone
		{74FB05A8-FA3F-4094-BF32-1680D7C438CE}.Ad-Hoc|iPhone.Build.0 = Ad-Hoc|iPhone
		{74FB05A8-FA3F-4094-BF32-1680D7C438CE}.Ad-Hoc|iPhoneSimulator.ActiveCfg = Ad-Hoc|iPhoneSimulator
		{74FB05A8-FA3F-4094-BF32-1680D7C438CE}.Ad-Hoc|iPhoneSimulator.Build.0 = Ad-Hoc|iPhoneSimulator
		{74FB05A8-FA3F-4094-BF32-1680D7C438CE}.AppStore|Any CPU.ActiveCfg = AppStore|iPhoneSimulator
		{74FB05A8-FA3F-4094-BF32-1680D7C438CE}.AppStore|iPhone.ActiveCfg = AppStore|iPhone
		{74FB05A8-FA3F-4094-BF32-1680D7C438CE}.AppStore|iPhone.Build.0 = AppStore|iPhone
		{74FB05A8-FA3F-4094-BF32-1680D7C438CE}.AppStore|iPhoneSimulator.ActiveCfg = AppStore|iPhoneSimulator
		{74FB05A8-FA3F-4094-BF32-1680D7C438CE}.AppStore|iPhoneSimulator.Build.0 = AppStore|iPhoneSimulator
		{74FB05A8-FA3F-4094-BF32-1680D7C438CE}.Debug|Any CPU.ActiveCfg = Debug|iPhoneSimulator
		{74FB05A8-FA3F-4094-BF32-1680D7C438CE}.Debug|iPhone.ActiveCfg = Debug|iPhone
		{74FB05A8-FA3F-4094-BF32-1680D7C438CE}.Debug|iPhone.Build.0 = Debug|iPhone
		{74FB05A8-FA3F-4094-BF32-1680D7C438CE}.Debug|iPhoneSimulator.ActiveCfg = Debug|iPhoneSimulator
		{74FB05A8-FA3F-4094-BF32-1680D7C438CE}.Debug|iPhoneSimulator.Build.0 = Debug|iPhoneSimulator
		{74FB05A8-FA3F-4094-BF32-1680D7C438CE}.Release|Any CPU.ActiveCfg = Release|iPhoneSimulator
		{74FB05A8-FA3F-4094-BF32-1680D7C438CE}.Release|iPhone.ActiveCfg = Release|iPhone
		{74FB05A8-FA3F-4094-BF32-1680D7C438CE}.Release|iPhone.Build.0 = Release|iPhone
		{74FB05A8-FA3F-4094-BF32-1680D7C438CE}.Release|iPhoneSimulator.ActiveCfg = Release|iPhoneSimulator
		{74FB05A8-FA3F-4094-BF32-1680D7C438CE}.Release|iPhoneSimulator.Build.0 = Release|iPhoneSimulator
	EndGlobalSection
	GlobalSection(SolutionProperties) = preSolution
		HideSolutionNode = FALSE
	EndGlobalSection
	GlobalSection(ExtensibilityGlobals) = postSolution
		SolutionGuid = {184988DF-9C6E-49B8-B7A5-058A8F8381BD}
	EndGlobalSection
EndGlobal
